// !$*UTF8*$!
{
	archiveVersion = 1;
	classes = {
	};
	objectVersion = 46;
	objects = {

/* Begin PBXBuildFile section */
		091D8B071E52DB1900C38F26 /* SFHFKeychainUtils.m in Sources */ = {isa = PBXBuildFile; fileRef = 091D8B061E52DB1900C38F26 /* SFHFKeychainUtils.m */; };
		091D8B0B1E52DB4600C38F26 /* DeviceModel.m in Sources */ = {isa = PBXBuildFile; fileRef = 091D8B0A1E52DB4600C38F26 /* DeviceModel.m */; };
		091D8B1A1E52DB7000C38F26 /* LoadingIndicator.m in Sources */ = {isa = PBXBuildFile; fileRef = 091D8B0E1E52DB7000C38F26 /* LoadingIndicator.m */; };
		091D8B1B1E52DB7000C38F26 /* MBProgressHUDNew+BJHubHelper.m in Sources */ = {isa = PBXBuildFile; fileRef = 091D8B101E52DB7000C38F26 /* MBProgressHUDNew+BJHubHelper.m */; };
		091D8B1C1E52DB7000C38F26 /* MBProgressHUDNew.m in Sources */ = {isa = PBXBuildFile; fileRef = 091D8B121E52DB7000C38F26 /* MBProgressHUDNew.m */; };
		091D8B1D1E52DB7000C38F26 /* 37x-Checkmark.png in Resources */ = {isa = PBXBuildFile; fileRef = 091D8B141E52DB7000C38F26 /* 37x-Checkmark.png */; };
		091D8B1E1E52DB7000C38F26 /* 37x-Checkmark@2x.png in Resources */ = {isa = PBXBuildFile; fileRef = 091D8B151E52DB7000C38F26 /* 37x-Checkmark@2x.png */; };
		091D8B1F1E52DB7000C38F26 /* forbid.png in Resources */ = {isa = PBXBuildFile; fileRef = 091D8B161E52DB7000C38F26 /* forbid.png */; };
		091D8B201E52DB7000C38F26 /* forbid@2x.png in Resources */ = {isa = PBXBuildFile; fileRef = 091D8B171E52DB7000C38F26 /* forbid@2x.png */; };
		091D8B211E52DB7000C38F26 /* reckBg.png in Resources */ = {isa = PBXBuildFile; fileRef = 091D8B181E52DB7000C38F26 /* reckBg.png */; };
		091D8B221E52DB7000C38F26 /* reckBg@2x.png in Resources */ = {isa = PBXBuildFile; fileRef = 091D8B191E52DB7000C38F26 /* reckBg@2x.png */; };
		091D8B2F1E52DEA100C38F26 /* LICENSE in Resources */ = {isa = PBXBuildFile; fileRef = 091D8B241E52DEA100C38F26 /* LICENSE */; };
		091D8B301E52DEA100C38F26 /* README.md in Sources */ = {isa = PBXBuildFile; fileRef = 091D8B251E52DEA100C38F26 /* README.md */; };
		091D8B311E52DEA100C38F26 /* YYCache.m in Sources */ = {isa = PBXBuildFile; fileRef = 091D8B281E52DEA100C38F26 /* YYCache.m */; };
		091D8B321E52DEA100C38F26 /* YYDiskCache.m in Sources */ = {isa = PBXBuildFile; fileRef = 091D8B2A1E52DEA100C38F26 /* YYDiskCache.m */; };
		091D8B331E52DEA100C38F26 /* YYKVStorage.m in Sources */ = {isa = PBXBuildFile; fileRef = 091D8B2C1E52DEA100C38F26 /* YYKVStorage.m */; };
		091D8B341E52DEA100C38F26 /* YYMemoryCache.m in Sources */ = {isa = PBXBuildFile; fileRef = 091D8B2E1E52DEA100C38F26 /* YYMemoryCache.m */; };
		09DEFAAB1E5153ED00DD2189 /* main.m in Sources */ = {isa = PBXBuildFile; fileRef = 09DEFAAA1E5153ED00DD2189 /* main.m */; };
		09DEFAAE1E5153ED00DD2189 /* AppDelegate.m in Sources */ = {isa = PBXBuildFile; fileRef = 09DEFAAD1E5153ED00DD2189 /* AppDelegate.m */; };
		09DEFAB11E5153ED00DD2189 /* ViewController.m in Sources */ = {isa = PBXBuildFile; fileRef = 09DEFAB01E5153ED00DD2189 /* ViewController.m */; };
		09DEFAB41E5153ED00DD2189 /* Main.storyboard in Resources */ = {isa = PBXBuildFile; fileRef = 09DEFAB21E5153ED00DD2189 /* Main.storyboard */; };
		09DEFAB61E5153ED00DD2189 /* Assets.xcassets in Resources */ = {isa = PBXBuildFile; fileRef = 09DEFAB51E5153ED00DD2189 /* Assets.xcassets */; };
		09DEFAB91E5153ED00DD2189 /* LaunchScreen.storyboard in Resources */ = {isa = PBXBuildFile; fileRef = 09DEFAB71E5153ED00DD2189 /* LaunchScreen.storyboard */; };
		6D9B5AFAAD98993080466412 /* libPods-SecretPicture.a in Frameworks */ = {isa = PBXBuildFile; fileRef = 70D9092428E0940C934F3918 /* libPods-SecretPicture.a */; };
		B70576721E59592F005E7027 /* NSDate+Additions.m in Sources */ = {isa = PBXBuildFile; fileRef = B70576711E59592F005E7027 /* NSDate+Additions.m */; };
		B70576751E595964005E7027 /* UIImage+Additions.m in Sources */ = {isa = PBXBuildFile; fileRef = B70576741E595964005E7027 /* UIImage+Additions.m */; };
		B705767A1E595989005E7027 /* UIView+Additions.m in Sources */ = {isa = PBXBuildFile; fileRef = B70576771E595989005E7027 /* UIView+Additions.m */; };
		B705767B1E595989005E7027 /* UIView+LayoutFrame.m in Sources */ = {isa = PBXBuildFile; fileRef = B70576791E595989005E7027 /* UIView+LayoutFrame.m */; };
/* End PBXBuildFile section */

/* Begin PBXFileReference section */
		091D8AEC1E52D63100C38F26 /* SecretPicture-Prefix.pch */ = {isa = PBXFileReference; lastKnownFileType = sourcecode.c.h; path = "SecretPicture-Prefix.pch"; sourceTree = "<group>"; };
		091D8B051E52DB1900C38F26 /* SFHFKeychainUtils.h */ = {isa = PBXFileReference; fileEncoding = 4; lastKnownFileType = sourcecode.c.h; path = SFHFKeychainUtils.h; sourceTree = "<group>"; };
		091D8B061E52DB1900C38F26 /* SFHFKeychainUtils.m */ = {isa = PBXFileReference; fileEncoding = 4; lastKnownFileType = sourcecode.c.objc; path = SFHFKeychainUtils.m; sourceTree = "<group>"; };
		091D8B091E52DB4600C38F26 /* DeviceModel.h */ = {isa = PBXFileReference; fileEncoding = 4; lastKnownFileType = sourcecode.c.h; path = DeviceModel.h; sourceTree = "<group>"; };
		091D8B0A1E52DB4600C38F26 /* DeviceModel.m */ = {isa = PBXFileReference; fileEncoding = 4; lastKnownFileType = sourcecode.c.objc; path = DeviceModel.m; sourceTree = "<group>"; };
		091D8B0D1E52DB7000C38F26 /* LoadingIndicator.h */ = {isa = PBXFileReference; fileEncoding = 4; lastKnownFileType = sourcecode.c.h; path = LoadingIndicator.h; sourceTree = "<group>"; };
		091D8B0E1E52DB7000C38F26 /* LoadingIndicator.m */ = {isa = PBXFileReference; fileEncoding = 4; lastKnownFileType = sourcecode.c.objc; path = LoadingIndicator.m; sourceTree = "<group>"; };
		091D8B0F1E52DB7000C38F26 /* MBProgressHUDNew+BJHubHelper.h */ = {isa = PBXFileReference; fileEncoding = 4; lastKnownFileType = sourcecode.c.h; path = "MBProgressHUDNew+BJHubHelper.h"; sourceTree = "<group>"; };
		091D8B101E52DB7000C38F26 /* MBProgressHUDNew+BJHubHelper.m */ = {isa = PBXFileReference; fileEncoding = 4; lastKnownFileType = sourcecode.c.objc; path = "MBProgressHUDNew+BJHubHelper.m"; sourceTree = "<group>"; };
		091D8B111E52DB7000C38F26 /* MBProgressHUDNew.h */ = {isa = PBXFileReference; fileEncoding = 4; lastKnownFileType = sourcecode.c.h; path = MBProgressHUDNew.h; sourceTree = "<group>"; };
		091D8B121E52DB7000C38F26 /* MBProgressHUDNew.m */ = {isa = PBXFileReference; fileEncoding = 4; lastKnownFileType = sourcecode.c.objc; path = MBProgressHUDNew.m; sourceTree = "<group>"; };
		091D8B141E52DB7000C38F26 /* 37x-Checkmark.png */ = {isa = PBXFileReference; lastKnownFileType = image.png; path = "37x-Checkmark.png"; sourceTree = "<group>"; };
		091D8B151E52DB7000C38F26 /* 37x-Checkmark@2x.png */ = {isa = PBXFileReference; lastKnownFileType = image.png; path = "37x-Checkmark@2x.png"; sourceTree = "<group>"; };
		091D8B161E52DB7000C38F26 /* forbid.png */ = {isa = PBXFileReference; lastKnownFileType = image.png; path = forbid.png; sourceTree = "<group>"; };
		091D8B171E52DB7000C38F26 /* forbid@2x.png */ = {isa = PBXFileReference; lastKnownFileType = image.png; path = "forbid@2x.png"; sourceTree = "<group>"; };
		091D8B181E52DB7000C38F26 /* reckBg.png */ = {isa = PBXFileReference; lastKnownFileType = image.png; path = reckBg.png; sourceTree = "<group>"; };
		091D8B191E52DB7000C38F26 /* reckBg@2x.png */ = {isa = PBXFileReference; lastKnownFileType = image.png; path = "reckBg@2x.png"; sourceTree = "<group>"; };
		091D8B241E52DEA100C38F26 /* LICENSE */ = {isa = PBXFileReference; fileEncoding = 4; lastKnownFileType = text; path = LICENSE; sourceTree = "<group>"; };
		091D8B251E52DEA100C38F26 /* README.md */ = {isa = PBXFileReference; fileEncoding = 4; lastKnownFileType = net.daringfireball.markdown; path = README.md; sourceTree = "<group>"; };
		091D8B271E52DEA100C38F26 /* YYCache.h */ = {isa = PBXFileReference; fileEncoding = 4; lastKnownFileType = sourcecode.c.h; path = YYCache.h; sourceTree = "<group>"; };
		091D8B281E52DEA100C38F26 /* YYCache.m */ = {isa = PBXFileReference; fileEncoding = 4; lastKnownFileType = sourcecode.c.objc; path = YYCache.m; sourceTree = "<group>"; };
		091D8B291E52DEA100C38F26 /* YYDiskCache.h */ = {isa = PBXFileReference; fileEncoding = 4; lastKnownFileType = sourcecode.c.h; path = YYDiskCache.h; sourceTree = "<group>"; };
		091D8B2A1E52DEA100C38F26 /* YYDiskCache.m */ = {isa = PBXFileReference; fileEncoding = 4; lastKnownFileType = sourcecode.c.objc; path = YYDiskCache.m; sourceTree = "<group>"; };
		091D8B2B1E52DEA100C38F26 /* YYKVStorage.h */ = {isa = PBXFileReference; fileEncoding = 4; lastKnownFileType = sourcecode.c.h; path = YYKVStorage.h; sourceTree = "<group>"; };
		091D8B2C1E52DEA100C38F26 /* YYKVStorage.m */ = {isa = PBXFileReference; fileEncoding = 4; lastKnownFileType = sourcecode.c.objc; path = YYKVStorage.m; sourceTree = "<group>"; };
		091D8B2D1E52DEA100C38F26 /* YYMemoryCache.h */ = {isa = PBXFileReference; fileEncoding = 4; lastKnownFileType = sourcecode.c.h; path = YYMemoryCache.h; sourceTree = "<group>"; };
		091D8B2E1E52DEA100C38F26 /* YYMemoryCache.m */ = {isa = PBXFileReference; fileEncoding = 4; lastKnownFileType = sourcecode.c.objc; path = YYMemoryCache.m; sourceTree = "<group>"; };
		09DEFAA61E5153ED00DD2189 /* SecretPicture.app */ = {isa = PBXFileReference; explicitFileType = wrapper.application; includeInIndex = 0; path = SecretPicture.app; sourceTree = BUILT_PRODUCTS_DIR; };
		09DEFAAA1E5153ED00DD2189 /* main.m */ = {isa = PBXFileReference; lastKnownFileType = sourcecode.c.objc; path = main.m; sourceTree = "<group>"; };
		09DEFAAC1E5153ED00DD2189 /* AppDelegate.h */ = {isa = PBXFileReference; lastKnownFileType = sourcecode.c.h; path = AppDelegate.h; sourceTree = "<group>"; };
		09DEFAAD1E5153ED00DD2189 /* AppDelegate.m */ = {isa = PBXFileReference; lastKnownFileType = sourcecode.c.objc; path = AppDelegate.m; sourceTree = "<group>"; };
		09DEFAAF1E5153ED00DD2189 /* ViewController.h */ = {isa = PBXFileReference; lastKnownFileType = sourcecode.c.h; path = ViewController.h; sourceTree = "<group>"; };
		09DEFAB01E5153ED00DD2189 /* ViewController.m */ = {isa = PBXFileReference; lastKnownFileType = sourcecode.c.objc; path = ViewController.m; sourceTree = "<group>"; };
		09DEFAB31E5153ED00DD2189 /* Base */ = {isa = PBXFileReference; lastKnownFileType = file.storyboard; name = Base; path = Base.lproj/Main.storyboard; sourceTree = "<group>"; };
		09DEFAB51E5153ED00DD2189 /* Assets.xcassets */ = {isa = PBXFileReference; lastKnownFileType = folder.assetcatalog; path = Assets.xcassets; sourceTree = "<group>"; };
		09DEFAB81E5153ED00DD2189 /* Base */ = {isa = PBXFileReference; lastKnownFileType = file.storyboard; name = Base; path = Base.lproj/LaunchScreen.storyboard; sourceTree = "<group>"; };
		09DEFABA1E5153ED00DD2189 /* Info.plist */ = {isa = PBXFileReference; lastKnownFileType = text.plist.xml; path = Info.plist; sourceTree = "<group>"; };
		2753D0482D1D13AA648465FE /* Pods-SecretPicture.release.xcconfig */ = {isa = PBXFileReference; includeInIndex = 1; lastKnownFileType = text.xcconfig; name = "Pods-SecretPicture.release.xcconfig"; path = "Pods/Target Support Files/Pods-SecretPicture/Pods-SecretPicture.release.xcconfig"; sourceTree = "<group>"; };
		70D9092428E0940C934F3918 /* libPods-SecretPicture.a */ = {isa = PBXFileReference; explicitFileType = archive.ar; includeInIndex = 0; path = "libPods-SecretPicture.a"; sourceTree = BUILT_PRODUCTS_DIR; };
		B70576701E59592F005E7027 /* NSDate+Additions.h */ = {isa = PBXFileReference; fileEncoding = 4; lastKnownFileType = sourcecode.c.h; name = "NSDate+Additions.h"; path = "SecretPicture/Category(分类)/NSDate+Additions.h"; sourceTree = SOURCE_ROOT; };
		B70576711E59592F005E7027 /* NSDate+Additions.m */ = {isa = PBXFileReference; fileEncoding = 4; lastKnownFileType = sourcecode.c.objc; name = "NSDate+Additions.m"; path = "SecretPicture/Category(分类)/NSDate+Additions.m"; sourceTree = SOURCE_ROOT; };
		B70576731E595964005E7027 /* UIImage+Additions.h */ = {isa = PBXFileReference; fileEncoding = 4; lastKnownFileType = sourcecode.c.h; name = "UIImage+Additions.h"; path = "SecretPicture/Category(分类)/UIImage+Additions.h"; sourceTree = SOURCE_ROOT; };
		B70576741E595964005E7027 /* UIImage+Additions.m */ = {isa = PBXFileReference; fileEncoding = 4; lastKnownFileType = sourcecode.c.objc; name = "UIImage+Additions.m"; path = "SecretPicture/Category(分类)/UIImage+Additions.m"; sourceTree = SOURCE_ROOT; };
		B70576761E595989005E7027 /* UIView+Additions.h */ = {isa = PBXFileReference; fileEncoding = 4; lastKnownFileType = sourcecode.c.h; name = "UIView+Additions.h"; path = "SecretPicture/Category(分类)/UIView+Additions.h"; sourceTree = SOURCE_ROOT; };
		B70576771E595989005E7027 /* UIView+Additions.m */ = {isa = PBXFileReference; fileEncoding = 4; lastKnownFileType = sourcecode.c.objc; name = "UIView+Additions.m"; path = "SecretPicture/Category(分类)/UIView+Additions.m"; sourceTree = SOURCE_ROOT; };
		B70576781E595989005E7027 /* UIView+LayoutFrame.h */ = {isa = PBXFileReference; fileEncoding = 4; lastKnownFileType = sourcecode.c.h; name = "UIView+LayoutFrame.h"; path = "SecretPicture/Category(分类)/UIView+LayoutFrame.h"; sourceTree = SOURCE_ROOT; };
		B70576791E595989005E7027 /* UIView+LayoutFrame.m */ = {isa = PBXFileReference; fileEncoding = 4; lastKnownFileType = sourcecode.c.objc; name = "UIView+LayoutFrame.m"; path = "SecretPicture/Category(分类)/UIView+LayoutFrame.m"; sourceTree = SOURCE_ROOT; };
		B705767E1E595A1A005E7027 /* CommonMacro.h */ = {isa = PBXFileReference; fileEncoding = 4; lastKnownFileType = sourcecode.c.h; name = CommonMacro.h; path = "SecretPicture/Category(分类)/CommonMacro.h"; sourceTree = SOURCE_ROOT; };
		E71F5AE7D6643DAFBCA18055 /* Pods-SecretPicture.debug.xcconfig */ = {isa = PBXFileReference; includeInIndex = 1; lastKnownFileType = text.xcconfig; name = "Pods-SecretPicture.debug.xcconfig"; path = "Pods/Target Support Files/Pods-SecretPicture/Pods-SecretPicture.debug.xcconfig"; sourceTree = "<group>"; };
/* End PBXFileReference section */

/* Begin PBXFrameworksBuildPhase section */
		09DEFAA31E5153ED00DD2189 /* Frameworks */ = {
			isa = PBXFrameworksBuildPhase;
			buildActionMask = 2147483647;
			files = (
				6D9B5AFAAD98993080466412 /* libPods-SecretPicture.a in Frameworks */,
			);
			runOnlyForDeploymentPostprocessing = 0;
		};
/* End PBXFrameworksBuildPhase section */

/* Begin PBXGroup section */
		091D8AEE1E52D68B00C38F26 /* Library(第三方) */ = {
			isa = PBXGroup;
			children = (
				091D8B231E52DEA100C38F26 /* YYCache */,
				091D8B0C1E52DB7000C38F26 /* LoadingIndicator */,
				091D8B081E52DB4600C38F26 /* DeviceInfo */,
				091D8B041E52DB1900C38F26 /* SFHFKeychainUtils */,
			);
			path = "Library(第三方)";
			sourceTree = "<group>";
		};
		091D8AEF1E52D6ED00C38F26 /* Macro(宏定义) */ = {
			isa = PBXGroup;
			children = (
				B705767E1E595A1A005E7027 /* CommonMacro.h */,
			);
			path = "Macro(宏定义)";
			sourceTree = "<group>";
		};
		091D8AF01E52D70A00C38F26 /* Category(分类) */ = {
			isa = PBXGroup;
			children = (
				091D8AFD1E52DA5C00C38F26 /* NSDate+Utilities */,
				091D8AF91E52D9D900C38F26 /* UIImageAdditions */,
				091D8AF11E52D74800C38F26 /* UIView+setFrame */,
			);
			path = "Category(分类)";
			sourceTree = "<group>";
		};
		091D8AF11E52D74800C38F26 /* UIView+setFrame */ = {
			isa = PBXGroup;
			children = (
				B70576761E595989005E7027 /* UIView+Additions.h */,
				B70576771E595989005E7027 /* UIView+Additions.m */,
				B70576781E595989005E7027 /* UIView+LayoutFrame.h */,
				B70576791E595989005E7027 /* UIView+LayoutFrame.m */,
			);
			path = "UIView+setFrame";
			sourceTree = "<group>";
		};
		091D8AF91E52D9D900C38F26 /* UIImageAdditions */ = {
			isa = PBXGroup;
			children = (
				B70576731E595964005E7027 /* UIImage+Additions.h */,
				B70576741E595964005E7027 /* UIImage+Additions.m */,
			);
			path = UIImageAdditions;
			sourceTree = "<group>";
		};
		091D8AFD1E52DA5C00C38F26 /* NSDate+Utilities */ = {
			isa = PBXGroup;
			children = (
				B70576701E59592F005E7027 /* NSDate+Additions.h */,
				B70576711E59592F005E7027 /* NSDate+Additions.m */,
			);
			path = "NSDate+Utilities";
			sourceTree = "<group>";
		};
		091D8B041E52DB1900C38F26 /* SFHFKeychainUtils */ = {
			isa = PBXGroup;
			children = (
				091D8B051E52DB1900C38F26 /* SFHFKeychainUtils.h */,
				091D8B061E52DB1900C38F26 /* SFHFKeychainUtils.m */,
			);
			path = SFHFKeychainUtils;
			sourceTree = "<group>";
		};
		091D8B081E52DB4600C38F26 /* DeviceInfo */ = {
			isa = PBXGroup;
			children = (
				091D8B091E52DB4600C38F26 /* DeviceModel.h */,
				091D8B0A1E52DB4600C38F26 /* DeviceModel.m */,
			);
			path = DeviceInfo;
			sourceTree = "<group>";
		};
		091D8B0C1E52DB7000C38F26 /* LoadingIndicator */ = {
			isa = PBXGroup;
			children = (
				091D8B0D1E52DB7000C38F26 /* LoadingIndicator.h */,
				091D8B0E1E52DB7000C38F26 /* LoadingIndicator.m */,
				091D8B0F1E52DB7000C38F26 /* MBProgressHUDNew+BJHubHelper.h */,
				091D8B101E52DB7000C38F26 /* MBProgressHUDNew+BJHubHelper.m */,
				091D8B111E52DB7000C38F26 /* MBProgressHUDNew.h */,
				091D8B121E52DB7000C38F26 /* MBProgressHUDNew.m */,
				091D8B131E52DB7000C38F26 /* resource */,
			);
			path = LoadingIndicator;
			sourceTree = "<group>";
		};
		091D8B131E52DB7000C38F26 /* resource */ = {
			isa = PBXGroup;
			children = (
				091D8B141E52DB7000C38F26 /* 37x-Checkmark.png */,
				091D8B151E52DB7000C38F26 /* 37x-Checkmark@2x.png */,
				091D8B161E52DB7000C38F26 /* forbid.png */,
				091D8B171E52DB7000C38F26 /* forbid@2x.png */,
				091D8B181E52DB7000C38F26 /* reckBg.png */,
				091D8B191E52DB7000C38F26 /* reckBg@2x.png */,
			);
			path = resource;
			sourceTree = "<group>";
		};
		091D8B231E52DEA100C38F26 /* YYCache */ = {
			isa = PBXGroup;
			children = (
				091D8B241E52DEA100C38F26 /* LICENSE */,
				091D8B251E52DEA100C38F26 /* README.md */,
				091D8B261E52DEA100C38F26 /* YYCache */,
			);
			path = YYCache;
			sourceTree = "<group>";
		};
		091D8B261E52DEA100C38F26 /* YYCache */ = {
			isa = PBXGroup;
			children = (
				091D8B271E52DEA100C38F26 /* YYCache.h */,
				091D8B281E52DEA100C38F26 /* YYCache.m */,
				091D8B291E52DEA100C38F26 /* YYDiskCache.h */,
				091D8B2A1E52DEA100C38F26 /* YYDiskCache.m */,
				091D8B2B1E52DEA100C38F26 /* YYKVStorage.h */,
				091D8B2C1E52DEA100C38F26 /* YYKVStorage.m */,
				091D8B2D1E52DEA100C38F26 /* YYMemoryCache.h */,
				091D8B2E1E52DEA100C38F26 /* YYMemoryCache.m */,
			);
			path = YYCache;
			sourceTree = "<group>";
		};
		09DEFA9D1E5153ED00DD2189 = {
			isa = PBXGroup;
			children = (
				09DEFAA81E5153ED00DD2189 /* SecretPicture */,
				09DEFAA71E5153ED00DD2189 /* Products */,
				C7F9BAE32E06E28F216F6CF2 /* Pods */,
				DEDF5AAA9424FD4FD588434B /* Frameworks */,
			);
			sourceTree = "<group>";
		};
		09DEFAA71E5153ED00DD2189 /* Products */ = {
			isa = PBXGroup;
			children = (
				09DEFAA61E5153ED00DD2189 /* SecretPicture.app */,
			);
			name = Products;
			sourceTree = "<group>";
		};
		09DEFAA81E5153ED00DD2189 /* SecretPicture */ = {
			isa = PBXGroup;
			children = (
				091D8AF01E52D70A00C38F26 /* Category(分类) */,
				091D8AEF1E52D6ED00C38F26 /* Macro(宏定义) */,
				091D8AEE1E52D68B00C38F26 /* Library(第三方) */,
				09DEFAAC1E5153ED00DD2189 /* AppDelegate.h */,
				09DEFAAD1E5153ED00DD2189 /* AppDelegate.m */,
				09DEFAAF1E5153ED00DD2189 /* ViewController.h */,
				09DEFAB01E5153ED00DD2189 /* ViewController.m */,
				09DEFAB21E5153ED00DD2189 /* Main.storyboard */,
				09DEFAB51E5153ED00DD2189 /* Assets.xcassets */,
				09DEFAB71E5153ED00DD2189 /* LaunchScreen.storyboard */,
				09DEFABA1E5153ED00DD2189 /* Info.plist */,
				09DEFAA91E5153ED00DD2189 /* Supporting Files */,
			);
			path = SecretPicture;
			sourceTree = "<group>";
		};
		09DEFAA91E5153ED00DD2189 /* Supporting Files */ = {
			isa = PBXGroup;
			children = (
				09DEFAAA1E5153ED00DD2189 /* main.m */,
				091D8AEC1E52D63100C38F26 /* SecretPicture-Prefix.pch */,
			);
			name = "Supporting Files";
			sourceTree = "<group>";
		};
		C7F9BAE32E06E28F216F6CF2 /* Pods */ = {
			isa = PBXGroup;
			children = (
				E71F5AE7D6643DAFBCA18055 /* Pods-SecretPicture.debug.xcconfig */,
				2753D0482D1D13AA648465FE /* Pods-SecretPicture.release.xcconfig */,
			);
			name = Pods;
			sourceTree = "<group>";
		};
		DEDF5AAA9424FD4FD588434B /* Frameworks */ = {
			isa = PBXGroup;
			children = (
				70D9092428E0940C934F3918 /* libPods-SecretPicture.a */,
			);
			name = Frameworks;
			sourceTree = "<group>";
		};
/* End PBXGroup section */

/* Begin PBXNativeTarget section */
		09DEFAA51E5153ED00DD2189 /* SecretPicture */ = {
			isa = PBXNativeTarget;
			buildConfigurationList = 09DEFABD1E5153ED00DD2189 /* Build configuration list for PBXNativeTarget "SecretPicture" */;
			buildPhases = (
				F035AE7F4BF207A745F4DD48 /* [CP] Check Pods Manifest.lock */,
				09DEFAA21E5153ED00DD2189 /* Sources */,
				09DEFAA31E5153ED00DD2189 /* Frameworks */,
				09DEFAA41E5153ED00DD2189 /* Resources */,
				9DDFF59AAF65301A3BDB04D3 /* [CP] Embed Pods Frameworks */,
				83FA69EEF2051FD019EED88C /* [CP] Copy Pods Resources */,
			);
			buildRules = (
			);
			dependencies = (
			);
			name = SecretPicture;
			productName = SecretPicture;
			productReference = 09DEFAA61E5153ED00DD2189 /* SecretPicture.app */;
			productType = "com.apple.product-type.application";
		};
/* End PBXNativeTarget section */

/* Begin PBXProject section */
		09DEFA9E1E5153ED00DD2189 /* Project object */ = {
			isa = PBXProject;
			attributes = {
				LastUpgradeCheck = 0820;
				ORGANIZATIONNAME = "鹏 侯";
				TargetAttributes = {
					09DEFAA51E5153ED00DD2189 = {
						CreatedOnToolsVersion = 8.2.1;
						ProvisioningStyle = Automatic;
					};
				};
			};
			buildConfigurationList = 09DEFAA11E5153ED00DD2189 /* Build configuration list for PBXProject "SecretPicture" */;
			compatibilityVersion = "Xcode 3.2";
			developmentRegion = English;
			hasScannedForEncodings = 0;
			knownRegions = (
				en,
				Base,
			);
			mainGroup = 09DEFA9D1E5153ED00DD2189;
			productRefGroup = 09DEFAA71E5153ED00DD2189 /* Products */;
			projectDirPath = "";
			projectRoot = "";
			targets = (
				09DEFAA51E5153ED00DD2189 /* SecretPicture */,
			);
		};
/* End PBXProject section */

/* Begin PBXResourcesBuildPhase section */
		09DEFAA41E5153ED00DD2189 /* Resources */ = {
			isa = PBXResourcesBuildPhase;
			buildActionMask = 2147483647;
			files = (
				091D8B221E52DB7000C38F26 /* reckBg@2x.png in Resources */,
				091D8B1D1E52DB7000C38F26 /* 37x-Checkmark.png in Resources */,
				091D8B1F1E52DB7000C38F26 /* forbid.png in Resources */,
				09DEFAB91E5153ED00DD2189 /* LaunchScreen.storyboard in Resources */,
				091D8B2F1E52DEA100C38F26 /* LICENSE in Resources */,
				091D8B211E52DB7000C38F26 /* reckBg.png in Resources */,
				09DEFAB61E5153ED00DD2189 /* Assets.xcassets in Resources */,
				091D8B1E1E52DB7000C38F26 /* 37x-Checkmark@2x.png in Resources */,
				09DEFAB41E5153ED00DD2189 /* Main.storyboard in Resources */,
				091D8B201E52DB7000C38F26 /* forbid@2x.png in Resources */,
			);
			runOnlyForDeploymentPostprocessing = 0;
		};
/* End PBXResourcesBuildPhase section */

/* Begin PBXShellScriptBuildPhase section */
		83FA69EEF2051FD019EED88C /* [CP] Copy Pods Resources */ = {
			isa = PBXShellScriptBuildPhase;
			buildActionMask = 2147483647;
			files = (
			);
			inputPaths = (
			);
			name = "[CP] Copy Pods Resources";
			outputPaths = (
			);
			runOnlyForDeploymentPostprocessing = 0;
			shellPath = /bin/sh;
			shellScript = "\"${SRCROOT}/Pods/Target Support Files/Pods-SecretPicture/Pods-SecretPicture-resources.sh\"\n";
			showEnvVarsInLog = 0;
		};
		9DDFF59AAF65301A3BDB04D3 /* [CP] Embed Pods Frameworks */ = {
			isa = PBXShellScriptBuildPhase;
			buildActionMask = 2147483647;
			files = (
			);
			inputPaths = (
			);
			name = "[CP] Embed Pods Frameworks";
			outputPaths = (
			);
			runOnlyForDeploymentPostprocessing = 0;
			shellPath = /bin/sh;
			shellScript = "\"${SRCROOT}/Pods/Target Support Files/Pods-SecretPicture/Pods-SecretPicture-frameworks.sh\"\n";
			showEnvVarsInLog = 0;
		};
		F035AE7F4BF207A745F4DD48 /* [CP] Check Pods Manifest.lock */ = {
			isa = PBXShellScriptBuildPhase;
			buildActionMask = 2147483647;
			files = (
			);
			inputPaths = (
			);
			name = "[CP] Check Pods Manifest.lock";
			outputPaths = (
			);
			runOnlyForDeploymentPostprocessing = 0;
			shellPath = /bin/sh;
			shellScript = "diff \"${PODS_ROOT}/../Podfile.lock\" \"${PODS_ROOT}/Manifest.lock\" > /dev/null\nif [ $? != 0 ] ; then\n    # print error to STDERR\n    echo \"error: The sandbox is not in sync with the Podfile.lock. Run 'pod install' or update your CocoaPods installation.\" >&2\n    exit 1\nfi\n";
			showEnvVarsInLog = 0;
		};
/* End PBXShellScriptBuildPhase section */

/* Begin PBXSourcesBuildPhase section */
		09DEFAA21E5153ED00DD2189 /* Sources */ = {
			isa = PBXSourcesBuildPhase;
			buildActionMask = 2147483647;
			files = (
				B705767B1E595989005E7027 /* UIView+LayoutFrame.m in Sources */,
				091D8B331E52DEA100C38F26 /* YYKVStorage.m in Sources */,
				09DEFAB11E5153ED00DD2189 /* ViewController.m in Sources */,
				091D8B1C1E52DB7000C38F26 /* MBProgressHUDNew.m in Sources */,
				B70576721E59592F005E7027 /* NSDate+Additions.m in Sources */,
				091D8B341E52DEA100C38F26 /* YYMemoryCache.m in Sources */,
				091D8B071E52DB1900C38F26 /* SFHFKeychainUtils.m in Sources */,
				091D8B1B1E52DB7000C38F26 /* MBProgressHUDNew+BJHubHelper.m in Sources */,
				091D8B321E52DEA100C38F26 /* YYDiskCache.m in Sources */,
				09DEFAAE1E5153ED00DD2189 /* AppDelegate.m in Sources */,
				091D8B301E52DEA100C38F26 /* README.md in Sources */,
				B705767A1E595989005E7027 /* UIView+Additions.m in Sources */,
				B70576751E595964005E7027 /* UIImage+Additions.m in Sources */,
				09DEFAAB1E5153ED00DD2189 /* main.m in Sources */,
				091D8B1A1E52DB7000C38F26 /* LoadingIndicator.m in Sources */,
				091D8B0B1E52DB4600C38F26 /* DeviceModel.m in Sources */,
				091D8B311E52DEA100C38F26 /* YYCache.m in Sources */,
			);
			runOnlyForDeploymentPostprocessing = 0;
		};
/* End PBXSourcesBuildPhase section */

/* Begin PBXVariantGroup section */
		09DEFAB21E5153ED00DD2189 /* Main.storyboard */ = {
			isa = PBXVariantGroup;
			children = (
				09DEFAB31E5153ED00DD2189 /* Base */,
			);
			name = Main.storyboard;
			sourceTree = "<group>";
		};
		09DEFAB71E5153ED00DD2189 /* LaunchScreen.storyboard */ = {
			isa = PBXVariantGroup;
			children = (
				09DEFAB81E5153ED00DD2189 /* Base */,
			);
			name = LaunchScreen.storyboard;
			sourceTree = "<group>";
		};
/* End PBXVariantGroup section */

/* Begin XCBuildConfiguration section */
		09DEFABB1E5153ED00DD2189 /* Debug */ = {
			isa = XCBuildConfiguration;
			buildSettings = {
				ALWAYS_SEARCH_USER_PATHS = NO;
				CLANG_ANALYZER_NONNULL = YES;
				CLANG_CXX_LANGUAGE_STANDARD = "gnu++0x";
				CLANG_CXX_LIBRARY = "libc++";
				CLANG_ENABLE_MODULES = YES;
				CLANG_ENABLE_OBJC_ARC = YES;
				CLANG_WARN_BOOL_CONVERSION = YES;
				CLANG_WARN_CONSTANT_CONVERSION = YES;
				CLANG_WARN_DIRECT_OBJC_ISA_USAGE = YES_ERROR;
				CLANG_WARN_DOCUMENTATION_COMMENTS = YES;
				CLANG_WARN_EMPTY_BODY = YES;
				CLANG_WARN_ENUM_CONVERSION = YES;
				CLANG_WARN_INFINITE_RECURSION = YES;
				CLANG_WARN_INT_CONVERSION = YES;
				CLANG_WARN_OBJC_ROOT_CLASS = YES_ERROR;
				CLANG_WARN_SUSPICIOUS_MOVE = YES;
				CLANG_WARN_UNREACHABLE_CODE = YES;
				CLANG_WARN__DUPLICATE_METHOD_MATCH = YES;
				"CODE_SIGN_IDENTITY[sdk=iphoneos*]" = "iPhone Developer";
				COPY_PHASE_STRIP = NO;
				DEBUG_INFORMATION_FORMAT = dwarf;
				ENABLE_STRICT_OBJC_MSGSEND = YES;
				ENABLE_TESTABILITY = YES;
				GCC_C_LANGUAGE_STANDARD = gnu99;
				GCC_DYNAMIC_NO_PIC = NO;
				GCC_NO_COMMON_BLOCKS = YES;
				GCC_OPTIMIZATION_LEVEL = 0;
				GCC_PREPROCESSOR_DEFINITIONS = (
					"DEBUG=1",
					"$(inherited)",
				);
				GCC_WARN_64_TO_32_BIT_CONVERSION = YES;
				GCC_WARN_ABOUT_RETURN_TYPE = YES_ERROR;
				GCC_WARN_UNDECLARED_SELECTOR = YES;
				GCC_WARN_UNINITIALIZED_AUTOS = YES_AGGRESSIVE;
				GCC_WARN_UNUSED_FUNCTION = YES;
				GCC_WARN_UNUSED_VARIABLE = YES;
				IPHONEOS_DEPLOYMENT_TARGET = 7.0;
				MTL_ENABLE_DEBUG_INFO = YES;
				ONLY_ACTIVE_ARCH = YES;
				SDKROOT = iphoneos;
			};
			name = Debug;
		};
		09DEFABC1E5153ED00DD2189 /* Release */ = {
			isa = XCBuildConfiguration;
			buildSettings = {
				ALWAYS_SEARCH_USER_PATHS = NO;
				CLANG_ANALYZER_NONNULL = YES;
				CLANG_CXX_LANGUAGE_STANDARD = "gnu++0x";
				CLANG_CXX_LIBRARY = "libc++";
				CLANG_ENABLE_MODULES = YES;
				CLANG_ENABLE_OBJC_ARC = YES;
				CLANG_WARN_BOOL_CONVERSION = YES;
				CLANG_WARN_CONSTANT_CONVERSION = YES;
				CLANG_WARN_DIRECT_OBJC_ISA_USAGE = YES_ERROR;
				CLANG_WARN_DOCUMENTATION_COMMENTS = YES;
				CLANG_WARN_EMPTY_BODY = YES;
				CLANG_WARN_ENUM_CONVERSION = YES;
				CLANG_WARN_INFINITE_RECURSION = YES;
				CLANG_WARN_INT_CONVERSION = YES;
				CLANG_WARN_OBJC_ROOT_CLASS = YES_ERROR;
				CLANG_WARN_SUSPICIOUS_MOVE = YES;
				CLANG_WARN_UNREACHABLE_CODE = YES;
				CLANG_WARN__DUPLICATE_METHOD_MATCH = YES;
				"CODE_SIGN_IDENTITY[sdk=iphoneos*]" = "iPhone Developer";
				COPY_PHASE_STRIP = NO;
				DEBUG_INFORMATION_FORMAT = "dwarf-with-dsym";
				ENABLE_NS_ASSERTIONS = NO;
				ENABLE_STRICT_OBJC_MSGSEND = YES;
				GCC_C_LANGUAGE_STANDARD = gnu99;
				GCC_NO_COMMON_BLOCKS = YES;
				GCC_WARN_64_TO_32_BIT_CONVERSION = YES;
				GCC_WARN_ABOUT_RETURN_TYPE = YES_ERROR;
				GCC_WARN_UNDECLARED_SELECTOR = YES;
				GCC_WARN_UNINITIALIZED_AUTOS = YES_AGGRESSIVE;
				GCC_WARN_UNUSED_FUNCTION = YES;
				GCC_WARN_UNUSED_VARIABLE = YES;
				IPHONEOS_DEPLOYMENT_TARGET = 7.0;
				MTL_ENABLE_DEBUG_INFO = NO;
				SDKROOT = iphoneos;
				VALIDATE_PRODUCT = YES;
			};
			name = Release;
		};
		09DEFABE1E5153ED00DD2189 /* Debug */ = {
			isa = XCBuildConfiguration;
			baseConfigurationReference = E71F5AE7D6643DAFBCA18055 /* Pods-SecretPicture.debug.xcconfig */;
			buildSettings = {
				ASSETCATALOG_COMPILER_APPICON_NAME = AppIcon;
				GCC_PRECOMPILE_PREFIX_HEADER = YES;
				GCC_PREFIX_HEADER = "$(SRCROOT)/SecretPicture/SecretPicture-Prefix.pch";
				INFOPLIST_FILE = SecretPicture/Info.plist;
				LD_RUNPATH_SEARCH_PATHS = "$(inherited) @executable_path/Frameworks";
				PRODUCT_BUNDLE_IDENTIFIER = com.penghou.SecretPicture;
				PRODUCT_NAME = "$(TARGET_NAME)";
			};
			name = Debug;
		};
		09DEFABF1E5153ED00DD2189 /* Release */ = {
			isa = XCBuildConfiguration;
			baseConfigurationReference = 2753D0482D1D13AA648465FE /* Pods-SecretPicture.release.xcconfig */;
			buildSettings = {
				ASSETCATALOG_COMPILER_APPICON_NAME = AppIcon;
				GCC_PRECOMPILE_PREFIX_HEADER = YES;
				GCC_PREFIX_HEADER = "$(SRCROOT)/SecretPicture/SecretPicture-Prefix.pch";
				INFOPLIST_FILE = SecretPicture/Info.plist;
				LD_RUNPATH_SEARCH_PATHS = "$(inherited) @executable_path/Frameworks";
				PRODUCT_BUNDLE_IDENTIFIER = com.penghou.SecretPicture;
				PRODUCT_NAME = "$(TARGET_NAME)";
			};
			name = Release;
		};
/* End XCBuildConfiguration section */

/* Begin XCConfigurationList section */
		09DEFAA11E5153ED00DD2189 /* Build configuration list for PBXProject "SecretPicture" */ = {
			isa = XCConfigurationList;
			buildConfigurations = (
				09DEFABB1E5153ED00DD2189 /* Debug */,
				09DEFABC1E5153ED00DD2189 /* Release */,
			);
			defaultConfigurationIsVisible = 0;
			defaultConfigurationName = Release;
		};
		09DEFABD1E5153ED00DD2189 /* Build configuration list for PBXNativeTarget "SecretPicture" */ = {
			isa = XCConfigurationList;
			buildConfigurations = (
				09DEFABE1E5153ED00DD2189 /* Debug */,
				09DEFABF1E5153ED00DD2189 /* Release */,
			);
			defaultConfigurationIsVisible = 0;
			defaultConfigurationName = Release;
		};
/* End XCConfigurationList section */
	};
	rootObject = 09DEFA9E1E5153ED00DD2189 /* Project object */;
}
